
Microsoft Visual Studio Solution File, Format Version 11.00
# Visual Studio 2010
Project("{FAE04EC0-301F-11D3-BF4B-00C04F79EFBC}") = "3g_ZTE", "3g_ZTE\3g_ZTE.csproj", "{E5C1675F-1C06-4C3F-80A3-5753AAB40BA3}"
EndProject
Global
	GlobalSection(SolutionConfigurationPlatforms) = preSolution
		Debug|x86 = Debug|x86
		Release|x86 = Release|x86
	EndGlobalSection
	GlobalSection(ProjectConfigurationPlatforms) = postSolution
		{E5C1675F-1C06-4C3F-80A3-5753AAB40BA3}.Debug|x86.ActiveCfg = Debug|x86
		{E5C1675F-1C06-4C3F-80A3-5753AAB40BA3}.Debug|x86.Build.0 = Debug|x86
		{E5C1675F-1C06-4C3F-80A3-5753AAB40BA3}.Release|x86.ActiveCfg = Release|x86
		{E5C1675F-1C06-4C3F-80A3-5753AAB40BA3}.Release|x86.Build.0 = Release|x86
	EndGlobalSection
	GlobalSection(SolutionProperties) = preSolution
		HideSolutionNode = FALSE
	EndGlobalSection
EndGlobal
